// !$*UTF8*$!
{
	archiveVersion = 1;
	classes = {
	};
	objectVersion = 77;
	objects = {

/* Begin PBXBuildFile section */
		4E01BB352ECC6DEE007EA4D6 /* Kingfisher in Frameworks */ = {isa = PBXBuildFile; productRef = 4E01BB342ECC6DEE007EA4D6 /* Kingfisher */; };
		4E01BB372ECC6DEE007EA4D6 /* SwiftyJSON in Frameworks */ = {isa = PBXBuildFile; productRef = 4E01BB362ECC6DEE007EA4D6 /* SwiftyJSON */; };
		4E01BB392ECC6DEE007EA4D6 /* SwiftUIMasonry in Frameworks */ = {isa = PBXBuildFile; productRef = 4E01BB382ECC6DEE007EA4D6 /* SwiftUIMasonry */; };
		4E01BB3B2ECC6DEE007EA4D6 /* Alamofire in Frameworks */ = {isa = PBXBuildFile; productRef = 4E01BB3A2ECC6DEE007EA4D6 /* Alamofire */; };
		4E01BB3D2ECC6DEE007EA4D6 /* Hero in Frameworks */ = {isa = PBXBuildFile; productRef = 4E01BB3C2ECC6DEE007EA4D6 /* Hero */; };
		4E01BB3F2ECC6DEE007EA4D6 /* Graphing in Frameworks */ = {isa = PBXBuildFile; productRef = 4E01BB3E2ECC6DEE007EA4D6 /* Graphing */; };
		4E01BB412ECC6DEE007EA4D6 /* Motion in Frameworks */ = {isa = PBXBuildFile; productRef = 4E01BB402ECC6DEE007EA4D6 /* Motion */; };
		4E01BB432ECC6DEE007EA4D6 /* SwiftUIPager in Frameworks */ = {isa = PBXBuildFile; productRef = 4E01BB422ECC6DEE007EA4D6 /* SwiftUIPager */; };
		4E01BB452ECC6DEE007EA4D6 /* SwiftUIX in Frameworks */ = {isa = PBXBuildFile; productRef = 4E01BB442ECC6DEE007EA4D6 /* SwiftUIX */; };
		4E6362432EE3D20C0080D714 /* Transmission in Frameworks */ = {isa = PBXBuildFile; productRef = 4E6362442EE3D20C0080D714 /* Transmission */; };
/* End PBXBuildFile section */

/* Begin PBXContainerItemProxy section */
		4E01BB0F2ECC6654007EA4D6 /* PBXContainerItemProxy */ = {
			isa = PBXContainerItemProxy;
			containerPortal = 4E01BAF72ECC6653007EA4D6 /* Project object */;
			proxyType = 1;
			remoteGlobalIDString = 4E01BAFE2ECC6653007EA4D6;
			remoteInfo = Blinky;
		};
		4E01BB192ECC6654007EA4D6 /* PBXContainerItemProxy */ = {
			isa = PBXContainerItemProxy;
			containerPortal = 4E01BAF72ECC6653007EA4D6 /* Project object */;
			proxyType = 1;
			remoteGlobalIDString = 4E01BAFE2ECC6653007EA4D6;
			remoteInfo = Blinky;
		};
/* End PBXContainerItemProxy section */

/* Begin PBXFileReference section */
		4E01BAFF2ECC6653007EA4D6 /* Blinky.app */ = {isa = PBXFileReference; explicitFileType = wrapper.application; includeInIndex = 0; path = Blinky.app; sourceTree = BUILT_PRODUCTS_DIR; };
		4E01BB0E2ECC6654007EA4D6 /* BlinkyTests.xctest */ = {isa = PBXFileReference; explicitFileType = wrapper.cfbundle; includeInIndex = 0; path = BlinkyTests.xctest; sourceTree = BUILT_PRODUCTS_DIR; };
		4E01BB182ECC6654007EA4D6 /* BlinkyUITests.xctest */ = {isa = PBXFileReference; explicitFileType = wrapper.cfbundle; includeInIndex = 0; path = BlinkyUITests.xctest; sourceTree = BUILT_PRODUCTS_DIR; };
/* End PBXFileReference section */

/* Begin PBXFileSystemSynchronizedRootGroup section */
		4E01BB012ECC6653007EA4D6 /* Blinky */ = {
			isa = PBXFileSystemSynchronizedRootGroup;
			path = Blinky;
			sourceTree = "<group>";
		};
		4E01BB112ECC6654007EA4D6 /* BlinkyTests */ = {
			isa = PBXFileSystemSynchronizedRootGroup;
			path = BlinkyTests;
			sourceTree = "<group>";
		};
		4E01BB1B2ECC6654007EA4D6 /* BlinkyUITests */ = {
			isa = PBXFileSystemSynchronizedRootGroup;
			path = BlinkyUITests;
			sourceTree = "<group>";
		};
/* End PBXFileSystemSynchronizedRootGroup section */

/* Begin PBXFrameworksBuildPhase section */
		4E01BAFC2ECC6653007EA4D6 /* Frameworks */ = {
			isa = PBXFrameworksBuildPhase;
			buildActionMask = 2147483647;
			files = (
				4E01BB452ECC6DEE007EA4D6 /* SwiftUIX in Frameworks */,
				4E01BB372ECC6DEE007EA4D6 /* SwiftyJSON in Frameworks */,
				4E01BB3B2ECC6DEE007EA4D6 /* Alamofire in Frameworks */,
				4E01BB3F2ECC6DEE007EA4D6 /* Graphing in Frameworks */,
				4E01BB392ECC6DEE007EA4D6 /* SwiftUIMasonry in Frameworks */,
				4E01BB412ECC6DEE007EA4D6 /* Motion in Frameworks */,
				4E01BB3D2ECC6DEE007EA4D6 /* Hero in Frameworks */,
				4E01BB432ECC6DEE007EA4D6 /* SwiftUIPager in Frameworks */,
				4E01BB352ECC6DEE007EA4D6 /* Kingfisher in Frameworks */,
				4E6362432EE3D20C0080D714 /* Transmission in Frameworks */,
			);
			runOnlyForDeploymentPostprocessing = 0;
		};
		4E01BB0B2ECC6654007EA4D6 /* Frameworks */ = {
			isa = PBXFrameworksBuildPhase;
			buildActionMask = 2147483647;
			files = (
			);
			runOnlyForDeploymentPostprocessing = 0;
		};
		4E01BB152ECC6654007EA4D6 /* Frameworks */ = {
			isa = PBXFrameworksBuildPhase;
			buildActionMask = 2147483647;
			files = (
			);
			runOnlyForDeploymentPostprocessing = 0;
		};
/* End PBXFrameworksBuildPhase section */

/* Begin PBXGroup section */
		4E01BAF62ECC6653007EA4D6 = {
			isa = PBXGroup;
			children = (
				4E01BB012ECC6653007EA4D6 /* Blinky */,
				4E01BB112ECC6654007EA4D6 /* BlinkyTests */,
				4E01BB1B2ECC6654007EA4D6 /* BlinkyUITests */,
				4E01BB332ECC6DEE007EA4D6 /* Frameworks */,
				4E01BB002ECC6653007EA4D6 /* Products */,
			);
			sourceTree = "<group>";
		};
		4E01BB002ECC6653007EA4D6 /* Products */ = {
			isa = PBXGroup;
			children = (
				4E01BAFF2ECC6653007EA4D6 /* Blinky.app */,
				4E01BB0E2ECC6654007EA4D6 /* BlinkyTests.xctest */,
				4E01BB182ECC6654007EA4D6 /* BlinkyUITests.xctest */,
			);
			name = Products;
			sourceTree = "<group>";
		};
		4E01BB332ECC6DEE007EA4D6 /* Frameworks */ = {
			isa = PBXGroup;
			children = (
			);
			name = Frameworks;
			sourceTree = "<group>";
		};
/* End PBXGroup section */

/* Begin PBXNativeTarget section */
		4E01BAFE2ECC6653007EA4D6 /* Blinky */ = {
			isa = PBXNativeTarget;
			buildConfigurationList = 4E01BB222ECC6654007EA4D6 /* Build configuration list for PBXNativeTarget "Blinky" */;
			buildPhases = (
				4E01BAFB2ECC6653007EA4D6 /* Sources */,
				4E01BAFC2ECC6653007EA4D6 /* Frameworks */,
				4E01BAFD2ECC6653007EA4D6 /* Resources */,
			);
			buildRules = (
			);
			dependencies = (
			);
			fileSystemSynchronizedGroups = (
				4E01BB012ECC6653007EA4D6 /* Blinky */,
			);
			name = Blinky;
			packageProductDependencies = (
				4E01BB342ECC6DEE007EA4D6 /* Kingfisher */,
				4E01BB362ECC6DEE007EA4D6 /* SwiftyJSON */,
				4E01BB382ECC6DEE007EA4D6 /* SwiftUIMasonry */,
				4E01BB3A2ECC6DEE007EA4D6 /* Alamofire */,
				4E01BB3C2ECC6DEE007EA4D6 /* Hero */,
				4E01BB3E2ECC6DEE007EA4D6 /* Graphing */,
				4E01BB402ECC6DEE007EA4D6 /* Motion */,
				4E01BB422ECC6DEE007EA4D6 /* SwiftUIPager */,
				4E01BB442ECC6DEE007EA4D6 /* SwiftUIX */,
				4E6362442EE3D20C0080D714 /* Transmission */,
			);
			productName = Blinky;
			productReference = 4E01BAFF2ECC6653007EA4D6 /* Blinky.app */;
			productType = "com.apple.product-type.application";
		};
		4E01BB0D2ECC6654007EA4D6 /* BlinkyTests */ = {
			isa = PBXNativeTarget;
			buildConfigurationList = 4E01BB252ECC6654007EA4D6 /* Build configuration list for PBXNativeTarget "BlinkyTests" */;
			buildPhases = (
				4E01BB0A2ECC6654007EA4D6 /* Sources */,
				4E01BB0B2ECC6654007EA4D6 /* Frameworks */,
				4E01BB0C2ECC6654007EA4D6 /* Resources */,
			);
			buildRules = (
			);
			dependencies = (
				4E01BB102ECC6654007EA4D6 /* PBXTargetDependency */,
			);
			fileSystemSynchronizedGroups = (
				4E01BB112ECC6654007EA4D6 /* BlinkyTests */,
			);
			name = BlinkyTests;
			packageProductDependencies = (
			);
			productName = BlinkyTests;
			productReference = 4E01BB0E2ECC6654007EA4D6 /* BlinkyTests.xctest */;
			productType = "com.apple.product-type.bundle.unit-test";
		};
		4E01BB172ECC6654007EA4D6 /* BlinkyUITests */ = {
			isa = PBXNativeTarget;
			buildConfigurationList = 4E01BB282ECC6654007EA4D6 /* Build configuration list for PBXNativeTarget "BlinkyUITests" */;
			buildPhases = (
				4E01BB142ECC6654007EA4D6 /* Sources */,
				4E01BB152ECC6654007EA4D6 /* Frameworks */,
				4E01BB162ECC6654007EA4D6 /* Resources */,
			);
			buildRules = (
			);
			dependencies = (
				4E01BB1A2ECC6654007EA4D6 /* PBXTargetDependency */,
			);
			fileSystemSynchronizedGroups = (
				4E01BB1B2ECC6654007EA4D6 /* BlinkyUITests */,
			);
			name = BlinkyUITests;
			packageProductDependencies = (
			);
			productName = BlinkyUITests;
			productReference = 4E01BB182ECC6654007EA4D6 /* BlinkyUITests.xctest */;
			productType = "com.apple.product-type.bundle.ui-testing";
		};
/* End PBXNativeTarget section */

/* Begin PBXProject section */
		4E01BAF72ECC6653007EA4D6 /* Project object */ = {
			isa = PBXProject;
			attributes = {
				BuildIndependentTargetsInParallel = 1;
				LastSwiftUpdateCheck = 2600;
				LastUpgradeCheck = 2600;
				TargetAttributes = {
					4E01BAFE2ECC6653007EA4D6 = {
						CreatedOnToolsVersion = 26.0;
					};
					4E01BB0D2ECC6654007EA4D6 = {
						CreatedOnToolsVersion = 26.0;
						TestTargetID = 4E01BAFE2ECC6653007EA4D6;
					};
					4E01BB172ECC6654007EA4D6 = {
						CreatedOnToolsVersion = 26.0;
						TestTargetID = 4E01BAFE2ECC6653007EA4D6;
					};
				};
			};
			buildConfigurationList = 4E01BAFA2ECC6653007EA4D6 /* Build configuration list for PBXProject "Blinky" */;
			developmentRegion = en;
			hasScannedForEncodings = 0;
			knownRegions = (
				en,
				Base,
			);
			mainGroup = 4E01BAF62ECC6653007EA4D6;
			minimizedProjectReferenceProxies = 1;
			packageReferences = (
				4E01BB2B2ECC670E007EA4D6 /* XCRemoteSwiftPackageReference "Kingfisher" */,
				4E01BB2C2ECC6717007EA4D6 /* XCRemoteSwiftPackageReference "SwiftyJSON" */,
				4E01BB2D2ECC6722007EA4D6 /* XCRemoteSwiftPackageReference "SwiftUIMasonry" */,
				4E01BB2E2ECC6738007EA4D6 /* XCRemoteSwiftPackageReference "Alamofire" */,
				4E01BB2F2ECC6792007EA4D6 /* XCRemoteSwiftPackageReference "Hero" */,
				4E01BB302ECC679F007EA4D6 /* XCRemoteSwiftPackageReference "Motion" */,
				4E01BB312ECC67B6007EA4D6 /* XCRemoteSwiftPackageReference "SwiftUIPager" */,
				4E01BB322ECC67D3007EA4D6 /* XCRemoteSwiftPackageReference "SwiftUIX" */,
				4E6362422EE3D20C0080D714 /* XCRemoteSwiftPackageReference "Transmission" */,
			);
			preferredProjectObjectVersion = 77;
			productRefGroup = 4E01BB002ECC6653007EA4D6 /* Products */;
			projectDirPath = "";
			projectRoot = "";
			targets = (
				4E01BAFE2ECC6653007EA4D6 /* Blinky */,
				4E01BB0D2ECC6654007EA4D6 /* BlinkyTests */,
				4E01BB172ECC6654007EA4D6 /* BlinkyUITests */,
			);
		};
/* End PBXProject section */

/* Begin PBXResourcesBuildPhase section */
		4E01BAFD2ECC6653007EA4D6 /* Resources */ = {
			isa = PBXResourcesBuildPhase;
			buildActionMask = 2147483647;
			files = (
			);
			runOnlyForDeploymentPostprocessing = 0;
		};
		4E01BB0C2ECC6654007EA4D6 /* Resources */ = {
			isa = PBXResourcesBuildPhase;
			buildActionMask = 2147483647;
			files = (
			);
			runOnlyForDeploymentPostprocessing = 0;
		};
		4E01BB162ECC6654007EA4D6 /* Resources */ = {
			isa = PBXResourcesBuildPhase;
			buildActionMask = 2147483647;
			files = (
			);
			runOnlyForDeploymentPostprocessing = 0;
		};
/* End PBXResourcesBuildPhase section */

/* Begin PBXSourcesBuildPhase section */
		4E01BAFB2ECC6653007EA4D6 /* Sources */ = {
			isa = PBXSourcesBuildPhase;
			buildActionMask = 2147483647;
			files = (
			);
			runOnlyForDeploymentPostprocessing = 0;
		};
		4E01BB0A2ECC6654007EA4D6 /* Sources */ = {
			isa = PBXSourcesBuildPhase;
			buildActionMask = 2147483647;
			files = (
			);
			runOnlyForDeploymentPostprocessing = 0;
		};
		4E01BB142ECC6654007EA4D6 /* Sources */ = {
			isa = PBXSourcesBuildPhase;
			buildActionMask = 2147483647;
			files = (
			);
			runOnlyForDeploymentPostprocessing = 0;
		};
/* End PBXSourcesBuildPhase section */

/* Begin PBXTargetDependency section */
		4E01BB102ECC6654007EA4D6 /* PBXTargetDependency */ = {
			isa = PBXTargetDependency;
			target = 4E01BAFE2ECC6653007EA4D6 /* Blinky */;
			targetProxy = 4E01BB0F2ECC6654007EA4D6 /* PBXContainerItemProxy */;
		};
		4E01BB1A2ECC6654007EA4D6 /* PBXTargetDependency */ = {
			isa = PBXTargetDependency;
			target = 4E01BAFE2ECC6653007EA4D6 /* Blinky */;
			targetProxy = 4E01BB192ECC6654007EA4D6 /* PBXContainerItemProxy */;
		};
/* End PBXTargetDependency section */

/* Begin XCBuildConfiguration section */
		4E01BB202ECC6654007EA4D6 /* Debug */ = {
			isa = XCBuildConfiguration;
			buildSettings = {
				ALWAYS_SEARCH_USER_PATHS = NO;
				ASSETCATALOG_COMPILER_GENERATE_SWIFT_ASSET_SYMBOL_EXTENSIONS = YES;
				CLANG_ANALYZER_NONNULL = YES;
				CLANG_ANALYZER_NUMBER_OBJECT_CONVERSION = YES_AGGRESSIVE;
				CLANG_CXX_LANGUAGE_STANDARD = "gnu++20";
				CLANG_ENABLE_MODULES = YES;
				CLANG_ENABLE_OBJC_ARC = YES;
				CLANG_ENABLE_OBJC_WEAK = YES;
				CLANG_WARN_BLOCK_CAPTURE_AUTORELEASING = YES;
				CLANG_WARN_BOOL_CONVERSION = YES;
				CLANG_WARN_COMMA = YES;
				CLANG_WARN_CONSTANT_CONVERSION = YES;
				CLANG_WARN_DEPRECATED_OBJC_IMPLEMENTATIONS = YES;
				CLANG_WARN_DIRECT_OBJC_ISA_USAGE = YES_ERROR;
				CLANG_WARN_DOCUMENTATION_COMMENTS = YES;
				CLANG_WARN_EMPTY_BODY = YES;
				CLANG_WARN_ENUM_CONVERSION = YES;
				CLANG_WARN_INFINITE_RECURSION = YES;
				CLANG_WARN_INT_CONVERSION = YES;
				CLANG_WARN_NON_LITERAL_NULL_CONVERSION = YES;
				CLANG_WARN_OBJC_IMPLICIT_RETAIN_SELF = YES;
				CLANG_WARN_OBJC_LITERAL_CONVERSION = YES;
				CLANG_WARN_OBJC_ROOT_CLASS = YES_ERROR;
				CLANG_WARN_QUOTED_INCLUDE_IN_FRAMEWORK_HEADER = YES;
				CLANG_WARN_RANGE_LOOP_ANALYSIS = YES;
				CLANG_WARN_STRICT_PROTOTYPES = YES;
				CLANG_WARN_SUSPICIOUS_MOVE = YES;
				CLANG_WARN_UNGUARDED_AVAILABILITY = YES_AGGRESSIVE;
				CLANG_WARN_UNREACHABLE_CODE = YES;
				CLANG_WARN__DUPLICATE_METHOD_MATCH = YES;
				COPY_PHASE_STRIP = NO;
				DEBUG_INFORMATION_FORMAT = dwarf;
				DEVELOPMENT_TEAM = FP55LUB3Z9;
				ENABLE_STRICT_OBJC_MSGSEND = YES;
				ENABLE_TESTABILITY = YES;
				ENABLE_USER_SCRIPT_SANDBOXING = YES;
				GCC_C_LANGUAGE_STANDARD = gnu17;
				GCC_DYNAMIC_NO_PIC = NO;
				GCC_NO_COMMON_BLOCKS = YES;
				GCC_OPTIMIZATION_LEVEL = 0;
				GCC_PREPROCESSOR_DEFINITIONS = (
					"DEBUG=1",
					"$(inherited)",
				);
				GCC_WARN_64_TO_32_BIT_CONVERSION = YES;
				GCC_WARN_ABOUT_RETURN_TYPE = YES_ERROR;
				GCC_WARN_UNDECLARED_SELECTOR = YES;
				GCC_WARN_UNINITIALIZED_AUTOS = YES_AGGRESSIVE;
				GCC_WARN_UNUSED_FUNCTION = YES;
				GCC_WARN_UNUSED_VARIABLE = YES;
				IPHONEOS_DEPLOYMENT_TARGET = 26.0;
				LOCALIZATION_PREFERS_STRING_CATALOGS = YES;
				MTL_ENABLE_DEBUG_INFO = INCLUDE_SOURCE;
				MTL_FAST_MATH = YES;
				ONLY_ACTIVE_ARCH = YES;
				SDKROOT = iphoneos;
				SWIFT_ACTIVE_COMPILATION_CONDITIONS = "DEBUG $(inherited)";
				SWIFT_OPTIMIZATION_LEVEL = "-Onone";
			};
			name = Debug;
		};
		4E01BB212ECC6654007EA4D6 /* Release */ = {
			isa = XCBuildConfiguration;
			buildSettings = {
				ALWAYS_SEARCH_USER_PATHS = NO;
				ASSETCATALOG_COMPILER_GENERATE_SWIFT_ASSET_SYMBOL_EXTENSIONS = YES;
				CLANG_ANALYZER_NONNULL = YES;
				CLANG_ANALYZER_NUMBER_OBJECT_CONVERSION = YES_AGGRESSIVE;
				CLANG_CXX_LANGUAGE_STANDARD = "gnu++20";
				CLANG_ENABLE_MODULES = YES;
				CLANG_ENABLE_OBJC_ARC = YES;
				CLANG_ENABLE_OBJC_WEAK = YES;
				CLANG_WARN_BLOCK_CAPTURE_AUTORELEASING = YES;
				CLANG_WARN_BOOL_CONVERSION = YES;
				CLANG_WARN_COMMA = YES;
				CLANG_WARN_CONSTANT_CONVERSION = YES;
				CLANG_WARN_DEPRECATED_OBJC_IMPLEMENTATIONS = YES;
				CLANG_WARN_DIRECT_OBJC_ISA_USAGE = YES_ERROR;
				CLANG_WARN_DOCUMENTATION_COMMENTS = YES;
				CLANG_WARN_EMPTY_BODY = YES;
				CLANG_WARN_ENUM_CONVERSION = YES;
				CLANG_WARN_INFINITE_RECURSION = YES;
				CLANG_WARN_INT_CONVERSION = YES;
				CLANG_WARN_NON_LITERAL_NULL_CONVERSION = YES;
				CLANG_WARN_OBJC_IMPLICIT_RETAIN_SELF = YES;
				CLANG_WARN_OBJC_LITERAL_CONVERSION = YES;
				CLANG_WARN_OBJC_ROOT_CLASS = YES_ERROR;
				CLANG_WARN_QUOTED_INCLUDE_IN_FRAMEWORK_HEADER = YES;
				CLANG_WARN_RANGE_LOOP_ANALYSIS = YES;
				CLANG_WARN_STRICT_PROTOTYPES = YES;
				CLANG_WARN_SUSPICIOUS_MOVE = YES;
				CLANG_WARN_UNGUARDED_AVAILABILITY = YES_AGGRESSIVE;
				CLANG_WARN_UNREACHABLE_CODE = YES;
				CLANG_WARN__DUPLICATE_METHOD_MATCH = YES;
				COPY_PHASE_STRIP = NO;
				DEBUG_INFORMATION_FORMAT = "dwarf-with-dsym";
				DEVELOPMENT_TEAM = FP55LUB3Z9;
				ENABLE_NS_ASSERTIONS = NO;
				ENABLE_STRICT_OBJC_MSGSEND = YES;
				ENABLE_USER_SCRIPT_SANDBOXING = YES;
				GCC_C_LANGUAGE_STANDARD = gnu17;
				GCC_NO_COMMON_BLOCKS = YES;
				GCC_WARN_64_TO_32_BIT_CONVERSION = YES;
				GCC_WARN_ABOUT_RETURN_TYPE = YES_ERROR;
				GCC_WARN_UNDECLARED_SELECTOR = YES;
				GCC_WARN_UNINITIALIZED_AUTOS = YES_AGGRESSIVE;
				GCC_WARN_UNUSED_FUNCTION = YES;
				GCC_WARN_UNUSED_VARIABLE = YES;
				IPHONEOS_DEPLOYMENT_TARGET = 26.0;
				LOCALIZATION_PREFERS_STRING_CATALOGS = YES;
				MTL_ENABLE_DEBUG_INFO = NO;
				MTL_FAST_MATH = YES;
				SDKROOT = iphoneos;
				SWIFT_COMPILATION_MODE = wholemodule;
				VALIDATE_PRODUCT = YES;
			};
			name = Release;
		};
		4E01BB232ECC6654007EA4D6 /* Debug */ = {
			isa = XCBuildConfiguration;
			buildSettings = {
				ASSETCATALOG_COMPILER_APPICON_NAME = AppIcon;
				ASSETCATALOG_COMPILER_GLOBAL_ACCENT_COLOR_NAME = AccentColor;
				CODE_SIGN_STYLE = Automatic;
				CURRENT_PROJECT_VERSION = 1;
				DEVELOPMENT_TEAM = QZUGX44UL6;
				ENABLE_PREVIEWS = YES;
				GENERATE_INFOPLIST_FILE = YES;
				INFOPLIST_KEY_NSCameraUsageDescription = "Blinky needs camera access to capture new photos.";
				INFOPLIST_KEY_NSLocationWhenInUseUsageDescription = "Blinky tags photos with your current location so you can remember where shots were taken.";
				INFOPLIST_KEY_NSPhotoLibraryAddUsageDescription = "Allow Blinky to save captured and processed photos into your photo library.";
				INFOPLIST_KEY_NSPhotoLibraryUsageDescription = "Allow Blinky to browse and manage photos stored in your library.";
				INFOPLIST_KEY_UIApplicationSceneManifest_Generation = YES;
				INFOPLIST_KEY_UIApplicationSupportsIndirectInputEvents = YES;
				INFOPLIST_KEY_UILaunchScreen_Generation = YES;
				INFOPLIST_KEY_UISupportedInterfaceOrientations_iPad = "UIInterfaceOrientationPortrait UIInterfaceOrientationPortraitUpsideDown UIInterfaceOrientationLandscapeLeft UIInterfaceOrientationLandscapeRight";
				INFOPLIST_KEY_UISupportedInterfaceOrientations_iPhone = "UIInterfaceOrientationPortrait UIInterfaceOrientationLandscapeLeft UIInterfaceOrientationLandscapeRight";
				LD_RUNPATH_SEARCH_PATHS = (
					"$(inherited)",
					"@executable_path/Frameworks",
				);
				MARKETING_VERSION = 1.0;
				PRODUCT_BUNDLE_IDENTIFIER = com.haito.Blinky;
				PRODUCT_NAME = "$(TARGET_NAME)";
				STRING_CATALOG_GENERATE_SYMBOLS = YES;
				SWIFT_APPROACHABLE_CONCURRENCY = YES;
				SWIFT_DEFAULT_ACTOR_ISOLATION = MainActor;
				SWIFT_EMIT_LOC_STRINGS = YES;
				SWIFT_UPCOMING_FEATURE_MEMBER_IMPORT_VISIBILITY = YES;
				SWIFT_VERSION = 5.0;
				TARGETED_DEVICE_FAMILY = "1,2";
			};
			name = Debug;
		};
		4E01BB242ECC6654007EA4D6 /* Release */ = {
			isa = XCBuildConfiguration;
			buildSettings = {
				ASSETCATALOG_COMPILER_APPICON_NAME = AppIcon;
				ASSETCATALOG_COMPILER_GLOBAL_ACCENT_COLOR_NAME = AccentColor;
				CODE_SIGN_STYLE = Automatic;
				CURRENT_PROJECT_VERSION = 1;
				DEVELOPMENT_TEAM = QZUGX44UL6;
				ENABLE_PREVIEWS = YES;
				GENERATE_INFOPLIST_FILE = YES;
				INFOPLIST_KEY_NSCameraUsageDescription = "Blinky needs camera access to capture new photos.";
				INFOPLIST_KEY_NSLocationWhenInUseUsageDescription = "Blinky tags photos with your current location so you can remember where shots were taken.";
				INFOPLIST_KEY_NSPhotoLibraryAddUsageDescription = "Allow Blinky to save captured and processed photos into your photo library.";
				INFOPLIST_KEY_NSPhotoLibraryUsageDescription = "Allow Blinky to browse and manage photos stored in your library.";
				INFOPLIST_KEY_UIApplicationSceneManifest_Generation = YES;
				INFOPLIST_KEY_UIApplicationSupportsIndirectInputEvents = YES;
				INFOPLIST_KEY_UILaunchScreen_Generation = YES;
				INFOPLIST_KEY_UISupportedInterfaceOrientations_iPad = "UIInterfaceOrientationPortrait UIInterfaceOrientationPortraitUpsideDown UIInterfaceOrientationLandscapeLeft UIInterfaceOrientationLandscapeRight";
				INFOPLIST_KEY_UISupportedInterfaceOrientations_iPhone = "UIInterfaceOrientationPortrait UIInterfaceOrientationLandscapeLeft UIInterfaceOrientationLandscapeRight";
				LD_RUNPATH_SEARCH_PATHS = (
					"$(inherited)",
					"@executable_path/Frameworks",
				);
				MARKETING_VERSION = 1.0;
				PRODUCT_BUNDLE_IDENTIFIER = com.haito.Blinky;
				PRODUCT_NAME = "$(TARGET_NAME)";
				STRING_CATALOG_GENERATE_SYMBOLS = YES;
				SWIFT_APPROACHABLE_CONCURRENCY = YES;
				SWIFT_DEFAULT_ACTOR_ISOLATION = MainActor;
				SWIFT_EMIT_LOC_STRINGS = YES;
				SWIFT_UPCOMING_FEATURE_MEMBER_IMPORT_VISIBILITY = YES;
				SWIFT_VERSION = 5.0;
				TARGETED_DEVICE_FAMILY = "1,2";
			};
			name = Release;
		};
		4E01BB262ECC6654007EA4D6 /* Debug */ = {
			isa = XCBuildConfiguration;
			buildSettings = {
				BUNDLE_LOADER = "$(TEST_HOST)";
				CODE_SIGN_STYLE = Automatic;
				CURRENT_PROJECT_VERSION = 1;
				DEVELOPMENT_TEAM = FP55LUB3Z9;
				GENERATE_INFOPLIST_FILE = YES;
				IPHONEOS_DEPLOYMENT_TARGET = 26.0;
				MARKETING_VERSION = 1.0;
				PRODUCT_BUNDLE_IDENTIFIER = com.haito.BlinkyTests;
				PRODUCT_NAME = "$(TARGET_NAME)";
				STRING_CATALOG_GENERATE_SYMBOLS = NO;
				SWIFT_APPROACHABLE_CONCURRENCY = YES;
				SWIFT_EMIT_LOC_STRINGS = NO;
				SWIFT_UPCOMING_FEATURE_MEMBER_IMPORT_VISIBILITY = YES;
				SWIFT_VERSION = 5.0;
				TARGETED_DEVICE_FAMILY = "1,2";
				TEST_HOST = "$(BUILT_PRODUCTS_DIR)/Blinky.app/$(BUNDLE_EXECUTABLE_FOLDER_PATH)/Blinky";
			};
			name = Debug;
		};
		4E01BB272ECC6654007EA4D6 /* Release */ = {
			isa = XCBuildConfiguration;
			buildSettings = {
				BUNDLE_LOADER = "$(TEST_HOST)";
				CODE_SIGN_STYLE = Automatic;
				CURRENT_PROJECT_VERSION = 1;
				DEVELOPMENT_TEAM = FP55LUB3Z9;
				GENERATE_INFOPLIST_FILE = YES;
				IPHONEOS_DEPLOYMENT_TARGET = 26.0;
				MARKETING_VERSION = 1.0;
				PRODUCT_BUNDLE_IDENTIFIER = com.haito.BlinkyTests;
				PRODUCT_NAME = "$(TARGET_NAME)";
				STRING_CATALOG_GENERATE_SYMBOLS = NO;
				SWIFT_APPROACHABLE_CONCURRENCY = YES;
				SWIFT_EMIT_LOC_STRINGS = NO;
				SWIFT_UPCOMING_FEATURE_MEMBER_IMPORT_VISIBILITY = YES;
				SWIFT_VERSION = 5.0;
				TARGETED_DEVICE_FAMILY = "1,2";
				TEST_HOST = "$(BUILT_PRODUCTS_DIR)/Blinky.app/$(BUNDLE_EXECUTABLE_FOLDER_PATH)/Blinky";
			};
			name = Release;
		};
		4E01BB292ECC6654007EA4D6 /* Debug */ = {
			isa = XCBuildConfiguration;
			buildSettings = {
				CODE_SIGN_STYLE = Automatic;
				CURRENT_PROJECT_VERSION = 1;
				DEVELOPMENT_TEAM = FP55LUB3Z9;
				GENERATE_INFOPLIST_FILE = YES;
				MARKETING_VERSION = 1.0;
				PRODUCT_BUNDLE_IDENTIFIER = com.haito.BlinkyUITests;
				PRODUCT_NAME = "$(TARGET_NAME)";
				STRING_CATALOG_GENERATE_SYMBOLS = NO;
				SWIFT_APPROACHABLE_CONCURRENCY = YES;
				SWIFT_EMIT_LOC_STRINGS = NO;
				SWIFT_UPCOMING_FEATURE_MEMBER_IMPORT_VISIBILITY = YES;
				SWIFT_VERSION = 5.0;
				TARGETED_DEVICE_FAMILY = "1,2";
				TEST_TARGET_NAME = Blinky;
			};
			name = Debug;
		};
		4E01BB2A2ECC6654007EA4D6 /* Release */ = {
			isa = XCBuildConfiguration;
			buildSettings = {
				CODE_SIGN_STYLE = Automatic;
				CURRENT_PROJECT_VERSION = 1;
				DEVELOPMENT_TEAM = FP55LUB3Z9;
				GENERATE_INFOPLIST_FILE = YES;
				MARKETING_VERSION = 1.0;
				PRODUCT_BUNDLE_IDENTIFIER = com.haito.BlinkyUITests;
				PRODUCT_NAME = "$(TARGET_NAME)";
				STRING_CATALOG_GENERATE_SYMBOLS = NO;
				SWIFT_APPROACHABLE_CONCURRENCY = YES;
				SWIFT_EMIT_LOC_STRINGS = NO;
				SWIFT_UPCOMING_FEATURE_MEMBER_IMPORT_VISIBILITY = YES;
				SWIFT_VERSION = 5.0;
				TARGETED_DEVICE_FAMILY = "1,2";
				TEST_TARGET_NAME = Blinky;
			};
			name = Release;
		};
/* End XCBuildConfiguration section */

/* Begin XCConfigurationList section */
		4E01BAFA2ECC6653007EA4D6 /* Build configuration list for PBXProject "Blinky" */ = {
			isa = XCConfigurationList;
			buildConfigurations = (
				4E01BB202ECC6654007EA4D6 /* Debug */,
				4E01BB212ECC6654007EA4D6 /* Release */,
			);
			defaultConfigurationIsVisible = 0;
			defaultConfigurationName = Release;
		};
		4E01BB222ECC6654007EA4D6 /* Build configuration list for PBXNativeTarget "Blinky" */ = {
			isa = XCConfigurationList;
			buildConfigurations = (
				4E01BB232ECC6654007EA4D6 /* Debug */,
				4E01BB242ECC6654007EA4D6 /* Release */,
			);
			defaultConfigurationIsVisible = 0;
			defaultConfigurationName = Release;
		};
		4E01BB252ECC6654007EA4D6 /* Build configuration list for PBXNativeTarget "BlinkyTests" */ = {
			isa = XCConfigurationList;
			buildConfigurations = (
				4E01BB262ECC6654007EA4D6 /* Debug */,
				4E01BB272ECC6654007EA4D6 /* Release */,
			);
			defaultConfigurationIsVisible = 0;
			defaultConfigurationName = Release;
		};
		4E01BB282ECC6654007EA4D6 /* Build configuration list for PBXNativeTarget "BlinkyUITests" */ = {
			isa = XCConfigurationList;
			buildConfigurations = (
				4E01BB292ECC6654007EA4D6 /* Debug */,
				4E01BB2A2ECC6654007EA4D6 /* Release */,
			);
			defaultConfigurationIsVisible = 0;
			defaultConfigurationName = Release;
		};
/* End XCConfigurationList section */

/* Begin XCRemoteSwiftPackageReference section */
		4E01BB2B2ECC670E007EA4D6 /* XCRemoteSwiftPackageReference "Kingfisher" */ = {
			isa = XCRemoteSwiftPackageReference;
			repositoryURL = "https://github.com/onevcat/Kingfisher.git";
			requirement = {
				kind = upToNextMajorVersion;
				minimumVersion = 8.6.2;
			};
		};
		4E01BB2C2ECC6717007EA4D6 /* XCRemoteSwiftPackageReference "SwiftyJSON" */ = {
			isa = XCRemoteSwiftPackageReference;
			repositoryURL = "https://github.com/SwiftyJSON/SwiftyJSON";
			requirement = {
				kind = upToNextMajorVersion;
				minimumVersion = 5.0.2;
			};
		};
		4E01BB2D2ECC6722007EA4D6 /* XCRemoteSwiftPackageReference "SwiftUIMasonry" */ = {
			isa = XCRemoteSwiftPackageReference;
			repositoryURL = "https://github.com/ciaranrobrien/SwiftUIMasonry";
			requirement = {
				branch = main;
				kind = branch;
			};
		};
		4E01BB2E2ECC6738007EA4D6 /* XCRemoteSwiftPackageReference "Alamofire" */ = {
			isa = XCRemoteSwiftPackageReference;
			repositoryURL = "https://github.com/Alamofire/Alamofire";
			requirement = {
				kind = upToNextMajorVersion;
				minimumVersion = 5.10.2;
			};
		};
		4E01BB2F2ECC6792007EA4D6 /* XCRemoteSwiftPackageReference "Hero" */ = {
			isa = XCRemoteSwiftPackageReference;
			repositoryURL = "https://github.com/HeroTransitions/Hero";
			requirement = {
				kind = upToNextMajorVersion;
				minimumVersion = 1.6.4;
			};
		};
		4E01BB302ECC679F007EA4D6 /* XCRemoteSwiftPackageReference "Motion" */ = {
			isa = XCRemoteSwiftPackageReference;
			repositoryURL = "https://github.com/b3ll/Motion";
			requirement = {
				branch = main;
				kind = branch;
			};
		};
		4E01BB312ECC67B6007EA4D6 /* XCRemoteSwiftPackageReference "SwiftUIPager" */ = {
			isa = XCRemoteSwiftPackageReference;
			repositoryURL = "https://github.com/fermoya/SwiftUIPager.git";
			requirement = {
				kind = upToNextMajorVersion;
				minimumVersion = 2.5.0;
			};
		};
		4E01BB322ECC67D3007EA4D6 /* XCRemoteSwiftPackageReference "SwiftUIX" */ = {
			isa = XCRemoteSwiftPackageReference;
			repositoryURL = "https://github.com/SwiftUIX/SwiftUIX";
			requirement = {
				kind = upToNextMajorVersion;
				minimumVersion = 0.2.4;
			};
		};
		4E6362422EE3D20C0080D714 /* XCRemoteSwiftPackageReference "Transmission" */ = {
			isa = XCRemoteSwiftPackageReference;
			repositoryURL = "https://github.com/nathantannar4/Transmission";
			requirement = {
				kind = upToNextMajorVersion;
				minimumVersion = 2.5.35;
			};
		};
/* End XCRemoteSwiftPackageReference section */

/* Begin XCSwiftPackageProductDependency section */
		4E01BB342ECC6DEE007EA4D6 /* Kingfisher */ = {
			isa = XCSwiftPackageProductDependency;
			package = 4E01BB2B2ECC670E007EA4D6 /* XCRemoteSwiftPackageReference "Kingfisher" */;
			productName = Kingfisher;
		};
		4E01BB362ECC6DEE007EA4D6 /* SwiftyJSON */ = {
			isa = XCSwiftPackageProductDependency;
			package = 4E01BB2C2ECC6717007EA4D6 /* XCRemoteSwiftPackageReference "SwiftyJSON" */;
			productName = SwiftyJSON;
		};
		4E01BB382ECC6DEE007EA4D6 /* SwiftUIMasonry */ = {
			isa = XCSwiftPackageProductDependency;
			package = 4E01BB2D2ECC6722007EA4D6 /* XCRemoteSwiftPackageReference "SwiftUIMasonry" */;
			productName = SwiftUIMasonry;
		};
		4E01BB3A2ECC6DEE007EA4D6 /* Alamofire */ = {
			isa = XCSwiftPackageProductDependency;
			package = 4E01BB2E2ECC6738007EA4D6 /* XCRemoteSwiftPackageReference "Alamofire" */;
			productName = Alamofire;
		};
		4E01BB3C2ECC6DEE007EA4D6 /* Hero */ = {
			isa = XCSwiftPackageProductDependency;
			package = 4E01BB2F2ECC6792007EA4D6 /* XCRemoteSwiftPackageReference "Hero" */;
			productName = Hero;
		};
		4E01BB3E2ECC6DEE007EA4D6 /* Graphing */ = {
			isa = XCSwiftPackageProductDependency;
			package = 4E01BB302ECC679F007EA4D6 /* XCRemoteSwiftPackageReference "Motion" */;
			productName = Graphing;
		};
		4E01BB402ECC6DEE007EA4D6 /* Motion */ = {
			isa = XCSwiftPackageProductDependency;
			package = 4E01BB302ECC679F007EA4D6 /* XCRemoteSwiftPackageReference "Motion" */;
			productName = Motion;
		};
		4E01BB422ECC6DEE007EA4D6 /* SwiftUIPager */ = {
			isa = XCSwiftPackageProductDependency;
			package = 4E01BB312ECC67B6007EA4D6 /* XCRemoteSwiftPackageReference "SwiftUIPager" */;
			productName = SwiftUIPager;
		};
		4E01BB442ECC6DEE007EA4D6 /* SwiftUIX */ = {
			isa = XCSwiftPackageProductDependency;
			package = 4E01BB322ECC67D3007EA4D6 /* XCRemoteSwiftPackageReference "SwiftUIX" */;
			productName = SwiftUIX;
		};
		4E6362442EE3D20C0080D714 /* Transmission */ = {
			isa = XCSwiftPackageProductDependency;
			package = 4E6362422EE3D20C0080D714 /* XCRemoteSwiftPackageReference "Transmission" */;
			productName = Transmission;
		};
/* End XCSwiftPackageProductDependency section */
	};
	rootObject = 4E01BAF72ECC6653007EA4D6 /* Project object */;
}
